
Microsoft Visual Studio Solution File, Format Version 12.00
# Visual Studio Version 16
VisualStudioVersion = 16.0.30011.22
MinimumVisualStudioVersion = 10.0.40219.1
Project("{FAE04EC0-301F-11D3-BF4B-00C04F79EFBC}") = "PriApi", "PriApi\PriApi.csproj", "{6F833625-0AA5-4C6B-BFE0-7DDC348CC242}"
EndProject
Global
	GlobalSection(SolutionConfigurationPlatforms) = preSolution
		Debug|Any CPU = Debug|Any CPU
		Release|Any CPU = Release|Any CPU
	EndGlobalSection
	GlobalSection(ProjectConfigurationPlatforms) = postSolution
		{6F833625-0AA5-4C6B-BFE0-7DDC348CC242}.Debug|Any CPU.ActiveCfg = Debug|Any CPU
		{6F833625-0AA5-4C6B-BFE0-7DDC348CC242}.Debug|Any CPU.Build.0 = Debug|Any CPU
		{6F833625-0AA5-4C6B-BFE0-7DDC348CC242}.Release|Any CPU.ActiveCfg = Release|Any CPU
		{6F833625-0AA5-4C6B-BFE0-7DDC348CC242}.Release|Any CPU.Build.0 = Release|Any CPU
	EndGlobalSection
	GlobalSection(SolutionProperties) = preSolution
		HideSolutionNode = FALSE
	EndGlobalSection
	GlobalSection(ExtensibilityGlobals) = postSolution
		SolutionGuid = {5EFB3191-252B-42A2-9CB9-B3B942B4FDB8}
	EndGlobalSection
EndGlobal
